
Microsoft Visual Studio Solution File, Format Version 12.00
# Visual Studio Version 17
VisualStudioVersion = 17.7.34202.233
MinimumVisualStudioVersion = 10.0.40219.1
Project("{9A19103F-16F7-4668-BE54-9A1E7A4F7556}") = "C#ProgrammingQuestions", "C#ProgrammingQuestions\C#ProgrammingQuestions.csproj", "{2D210577-7B6D-4906-B94D-2965564BB761}"
EndProject
Project("{9A19103F-16F7-4668-BE54-9A1E7A4F7556}") = "ReverseString", "ReverseString\ReverseString.csproj", "{FD2D72C5-6950-477B-A498-6DD5105B09AB}"
EndProject
Project("{9A19103F-16F7-4668-BE54-9A1E7A4F7556}") = "SumofTwoElementInArray", "SumofTwoElementInArray\SumofTwoElementInArray.csproj", "{24F96127-F614-43E9-A376-DD44A993F208}"
EndProject
Project("{9A19103F-16F7-4668-BE54-9A1E7A4F7556}") = "IntersectionOfArray", "IntersectionOfArray\IntersectionOfArray.csproj", "{4081AA6D-7A18-4817-A15D-CA8BC74C8E1E}"
EndProject
Project("{FAE04EC0-301F-11D3-BF4B-00C04F79EFBC}") = "MissingElementInArray", "MissingElementInArray\MissingElementInArray.csproj", "{4A704A2C-AC16-4DC7-8629-CF708C533D2F}"
EndProject
Project("{FAE04EC0-301F-11D3-BF4B-00C04F79EFBC}") = "SumOfDigits", "SumOfDigits\SumOfDigits.csproj", "{5ABF3348-E2C4-4525-87C4-1FA63C528B61}"
EndProject
Global
	GlobalSection(SolutionConfigurationPlatforms) = preSolution
		Debug|Any CPU = Debug|Any CPU
		Release|Any CPU = Release|Any CPU
	EndGlobalSection
	GlobalSection(ProjectConfigurationPlatforms) = postSolution
		{2D210577-7B6D-4906-B94D-2965564BB761}.Debug|Any CPU.ActiveCfg = Debug|Any CPU
		{2D210577-7B6D-4906-B94D-2965564BB761}.Debug|Any CPU.Build.0 = Debug|Any CPU
		{2D210577-7B6D-4906-B94D-2965564BB761}.Release|Any CPU.ActiveCfg = Release|Any CPU
		{2D210577-7B6D-4906-B94D-2965564BB761}.Release|Any CPU.Build.0 = Release|Any CPU
		{FD2D72C5-6950-477B-A498-6DD5105B09AB}.Debug|Any CPU.ActiveCfg = Debug|Any CPU
		{FD2D72C5-6950-477B-A498-6DD5105B09AB}.Debug|Any CPU.Build.0 = Debug|Any CPU
		{FD2D72C5-6950-477B-A498-6DD5105B09AB}.Release|Any CPU.ActiveCfg = Release|Any CPU
		{FD2D72C5-6950-477B-A498-6DD5105B09AB}.Release|Any CPU.Build.0 = Release|Any CPU
		{24F96127-F614-43E9-A376-DD44A993F208}.Debug|Any CPU.ActiveCfg = Debug|Any CPU
		{24F96127-F614-43E9-A376-DD44A993F208}.Debug|Any CPU.Build.0 = Debug|Any CPU
		{24F96127-F614-43E9-A376-DD44A993F208}.Release|Any CPU.ActiveCfg = Release|Any CPU
		{24F96127-F614-43E9-A376-DD44A993F208}.Release|Any CPU.Build.0 = Release|Any CPU
		{4081AA6D-7A18-4817-A15D-CA8BC74C8E1E}.Debug|Any CPU.ActiveCfg = Debug|Any CPU
		{4081AA6D-7A18-4817-A15D-CA8BC74C8E1E}.Debug|Any CPU.Build.0 = Debug|Any CPU
		{4081AA6D-7A18-4817-A15D-CA8BC74C8E1E}.Release|Any CPU.ActiveCfg = Release|Any CPU
		{4081AA6D-7A18-4817-A15D-CA8BC74C8E1E}.Release|Any CPU.Build.0 = Release|Any CPU
		{4A704A2C-AC16-4DC7-8629-CF708C533D2F}.Debug|Any CPU.ActiveCfg = Debug|Any CPU
		{4A704A2C-AC16-4DC7-8629-CF708C533D2F}.Debug|Any CPU.Build.0 = Debug|Any CPU
		{4A704A2C-AC16-4DC7-8629-CF708C533D2F}.Release|Any CPU.ActiveCfg = Release|Any CPU
		{4A704A2C-AC16-4DC7-8629-CF708C533D2F}.Release|Any CPU.Build.0 = Release|Any CPU
		{5ABF3348-E2C4-4525-87C4-1FA63C528B61}.Debug|Any CPU.ActiveCfg = Debug|Any CPU
		{5ABF3348-E2C4-4525-87C4-1FA63C528B61}.Debug|Any CPU.Build.0 = Debug|Any CPU
		{5ABF3348-E2C4-4525-87C4-1FA63C528B61}.Release|Any CPU.ActiveCfg = Release|Any CPU
		{5ABF3348-E2C4-4525-87C4-1FA63C528B61}.Release|Any CPU.Build.0 = Release|Any CPU
	EndGlobalSection
	GlobalSection(SolutionProperties) = preSolution
		HideSolutionNode = FALSE
	EndGlobalSection
	GlobalSection(ExtensibilityGlobals) = postSolution
		SolutionGuid = {8E7FFB7B-8C7E-4360-B85A-B8031ED5EB4C}
	EndGlobalSection
EndGlobal
