
Microsoft Visual Studio Solution File, Format Version 12.00
# Visual Studio Version 17
VisualStudioVersion = 17.7.34202.233
MinimumVisualStudioVersion = 10.0.40219.1
Project("{FAE04EC0-301F-11D3-BF4B-00C04F79EFBC}") = "C#ProgrammingQuestions", "C#ProgrammingQuestions\C#ProgrammingQuestions.csproj", "{2D210577-7B6D-4906-B94D-2965564BB761}"
EndProject
Project("{FAE04EC0-301F-11D3-BF4B-00C04F79EFBC}") = "ReverseString", "ReverseString\ReverseString.csproj", "{FD2D72C5-6950-477B-A498-6DD5105B09AB}"
EndProject
Project("{FAE04EC0-301F-11D3-BF4B-00C04F79EFBC}") = "SumofTwoElementInArray", "SumofTwoElementInArray\SumofTwoElementInArray.csproj", "{24F96127-F614-43E9-A376-DD44A993F208}"
EndProject
Global
	GlobalSection(SolutionConfigurationPlatforms) = preSolution
		Debug|Any CPU = Debug|Any CPU
		Release|Any CPU = Release|Any CPU
	EndGlobalSection
	GlobalSection(ProjectConfigurationPlatforms) = postSolution
		{2D210577-7B6D-4906-B94D-2965564BB761}.Debug|Any CPU.ActiveCfg = Debug|Any CPU
		{2D210577-7B6D-4906-B94D-2965564BB761}.Debug|Any CPU.Build.0 = Debug|Any CPU
		{2D210577-7B6D-4906-B94D-2965564BB761}.Release|Any CPU.ActiveCfg = Release|Any CPU
		{2D210577-7B6D-4906-B94D-2965564BB761}.Release|Any CPU.Build.0 = Release|Any CPU
		{FD2D72C5-6950-477B-A498-6DD5105B09AB}.Debug|Any CPU.ActiveCfg = Debug|Any CPU
		{FD2D72C5-6950-477B-A498-6DD5105B09AB}.Debug|Any CPU.Build.0 = Debug|Any CPU
		{FD2D72C5-6950-477B-A498-6DD5105B09AB}.Release|Any CPU.ActiveCfg = Release|Any CPU
		{FD2D72C5-6950-477B-A498-6DD5105B09AB}.Release|Any CPU.Build.0 = Release|Any CPU
		{24F96127-F614-43E9-A376-DD44A993F208}.Debug|Any CPU.ActiveCfg = Debug|Any CPU
		{24F96127-F614-43E9-A376-DD44A993F208}.Debug|Any CPU.Build.0 = Debug|Any CPU
		{24F96127-F614-43E9-A376-DD44A993F208}.Release|Any CPU.ActiveCfg = Release|Any CPU
		{24F96127-F614-43E9-A376-DD44A993F208}.Release|Any CPU.Build.0 = Release|Any CPU
	EndGlobalSection
	GlobalSection(SolutionProperties) = preSolution
		HideSolutionNode = FALSE
	EndGlobalSection
	GlobalSection(ExtensibilityGlobals) = postSolution
		SolutionGuid = {8E7FFB7B-8C7E-4360-B85A-B8031ED5EB4C}
	EndGlobalSection
EndGlobal
